
Microsoft Visual Studio Solution File, Format Version 12.00
# Visual Studio Version 16
VisualStudioVersion = 16.0.30611.23
MinimumVisualStudioVersion = 10.0.40219.1
Project("{8BC9CEB8-8B4A-11D0-8D11-00A0C91BC942}") = "CSC3150_A3", "CSC3150_A3\CSC3150_A3.vcxproj", "{921D224D-AB6C-4252-A3C7-E957D21BA4B6}"
EndProject
Global
	GlobalSection(SolutionConfigurationPlatforms) = preSolution
		Debug|x64 = Debug|x64
		Release|x64 = Release|x64
	EndGlobalSection
	GlobalSection(ProjectConfigurationPlatforms) = postSolution
		{921D224D-AB6C-4252-A3C7-E957D21BA4B6}.Debug|x64.ActiveCfg = Debug|x64
		{921D224D-AB6C-4252-A3C7-E957D21BA4B6}.Debug|x64.Build.0 = Debug|x64
		{921D224D-AB6C-4252-A3C7-E957D21BA4B6}.Release|x64.ActiveCfg = Release|x64
		{921D224D-AB6C-4252-A3C7-E957D21BA4B6}.Release|x64.Build.0 = Release|x64
	EndGlobalSection
	GlobalSection(SolutionProperties) = preSolution
		HideSolutionNode = FALSE
	EndGlobalSection
	GlobalSection(ExtensibilityGlobals) = postSolution
		SolutionGuid = {A657DF20-897C-40DA-BD24-C2CFA8A5F24A}
	EndGlobalSection
EndGlobal
